// !$*UTF8*$!
{
	archiveVersion = 1;
	classes = {
	};
	objectVersion = 50;
	objects = {

/* Begin PBXBuildFile section */
		74E70A2C80985BB59C974AE7 /* Pods_JKDeafultViewDemoTests.framework in Frameworks */ = {isa = PBXBuildFile; fileRef = 8CD960346ECE48173DB97A66 /* Pods_JKDeafultViewDemoTests.framework */; };
		84528D2F23053FED00D097D9 /* AppDelegate.m in Sources */ = {isa = PBXBuildFile; fileRef = 84528D2E23053FED00D097D9 /* AppDelegate.m */; };
		84528D3223053FED00D097D9 /* ViewController.m in Sources */ = {isa = PBXBuildFile; fileRef = 84528D3123053FED00D097D9 /* ViewController.m */; };
		84528D3523053FED00D097D9 /* Main.storyboard in Resources */ = {isa = PBXBuildFile; fileRef = 84528D3323053FED00D097D9 /* Main.storyboard */; };
		84528D3723053FEF00D097D9 /* Assets.xcassets in Resources */ = {isa = PBXBuildFile; fileRef = 84528D3623053FEF00D097D9 /* Assets.xcassets */; };
		84528D3A23053FEF00D097D9 /* LaunchScreen.storyboard in Resources */ = {isa = PBXBuildFile; fileRef = 84528D3823053FEF00D097D9 /* LaunchScreen.storyboard */; };
		84528D3D23053FEF00D097D9 /* main.m in Sources */ = {isa = PBXBuildFile; fileRef = 84528D3C23053FEF00D097D9 /* main.m */; };
		84528D4723053FEF00D097D9 /* JKDeafultViewDemoTests.m in Sources */ = {isa = PBXBuildFile; fileRef = 84528D4623053FEF00D097D9 /* JKDeafultViewDemoTests.m */; };
		84528D5223053FEF00D097D9 /* JKDeafultViewDemoUITests.m in Sources */ = {isa = PBXBuildFile; fileRef = 84528D5123053FEF00D097D9 /* JKDeafultViewDemoUITests.m */; };
		C7A34E606DF9B65DF3DA0167 /* Pods_JKDeafultViewDemoUITests.framework in Frameworks */ = {isa = PBXBuildFile; fileRef = 0D16AA6F4AD20AA1D4804676 /* Pods_JKDeafultViewDemoUITests.framework */; };
		DCB521B41E0AD126B8828F95 /* Pods_JKDeafultViewDemo.framework in Frameworks */ = {isa = PBXBuildFile; fileRef = BEAB890F5383CBE89F1D71A3 /* Pods_JKDeafultViewDemo.framework */; };
/* End PBXBuildFile section */

/* Begin PBXContainerItemProxy section */
		84528D4323053FEF00D097D9 /* PBXContainerItemProxy */ = {
			isa = PBXContainerItemProxy;
			containerPortal = 84528D2223053FED00D097D9 /* Project object */;
			proxyType = 1;
			remoteGlobalIDString = 84528D2923053FED00D097D9;
			remoteInfo = JKDeafultViewDemo;
		};
		84528D4E23053FEF00D097D9 /* PBXContainerItemProxy */ = {
			isa = PBXContainerItemProxy;
			containerPortal = 84528D2223053FED00D097D9 /* Project object */;
			proxyType = 1;
			remoteGlobalIDString = 84528D2923053FED00D097D9;
			remoteInfo = JKDeafultViewDemo;
		};
/* End PBXContainerItemProxy section */

/* Begin PBXFileReference section */
		0D16AA6F4AD20AA1D4804676 /* Pods_JKDeafultViewDemoUITests.framework */ = {isa = PBXFileReference; explicitFileType = wrapper.framework; includeInIndex = 0; path = Pods_JKDeafultViewDemoUITests.framework; sourceTree = BUILT_PRODUCTS_DIR; };
		452874821F501669CA42D6D4 /* Pods-JKDeafultViewDemoTests.debug.xcconfig */ = {isa = PBXFileReference; includeInIndex = 1; lastKnownFileType = text.xcconfig; name = "Pods-JKDeafultViewDemoTests.debug.xcconfig"; path = "Target Support Files/Pods-JKDeafultViewDemoTests/Pods-JKDeafultViewDemoTests.debug.xcconfig"; sourceTree = "<group>"; };
		4D261595EE1ADD410D48F29C /* Pods-JKDeafultViewDemoUITests.debug.xcconfig */ = {isa = PBXFileReference; includeInIndex = 1; lastKnownFileType = text.xcconfig; name = "Pods-JKDeafultViewDemoUITests.debug.xcconfig"; path = "Target Support Files/Pods-JKDeafultViewDemoUITests/Pods-JKDeafultViewDemoUITests.debug.xcconfig"; sourceTree = "<group>"; };
		5FB261B8F133333620B50842 /* Pods-JKDeafultViewDemoUITests.release.xcconfig */ = {isa = PBXFileReference; includeInIndex = 1; lastKnownFileType = text.xcconfig; name = "Pods-JKDeafultViewDemoUITests.release.xcconfig"; path = "Target Support Files/Pods-JKDeafultViewDemoUITests/Pods-JKDeafultViewDemoUITests.release.xcconfig"; sourceTree = "<group>"; };
		84528D2A23053FED00D097D9 /* JKDeafultViewDemo.app */ = {isa = PBXFileReference; explicitFileType = wrapper.application; includeInIndex = 0; path = JKDeafultViewDemo.app; sourceTree = BUILT_PRODUCTS_DIR; };
		84528D2D23053FED00D097D9 /* AppDelegate.h */ = {isa = PBXFileReference; lastKnownFileType = sourcecode.c.h; path = AppDelegate.h; sourceTree = "<group>"; };
		84528D2E23053FED00D097D9 /* AppDelegate.m */ = {isa = PBXFileReference; lastKnownFileType = sourcecode.c.objc; path = AppDelegate.m; sourceTree = "<group>"; };
		84528D3023053FED00D097D9 /* ViewController.h */ = {isa = PBXFileReference; lastKnownFileType = sourcecode.c.h; path = ViewController.h; sourceTree = "<group>"; };
		84528D3123053FED00D097D9 /* ViewController.m */ = {isa = PBXFileReference; lastKnownFileType = sourcecode.c.objc; path = ViewController.m; sourceTree = "<group>"; };
		84528D3423053FED00D097D9 /* Base */ = {isa = PBXFileReference; lastKnownFileType = file.storyboard; name = Base; path = Base.lproj/Main.storyboard; sourceTree = "<group>"; };
		84528D3623053FEF00D097D9 /* Assets.xcassets */ = {isa = PBXFileReference; lastKnownFileType = folder.assetcatalog; path = Assets.xcassets; sourceTree = "<group>"; };
		84528D3923053FEF00D097D9 /* Base */ = {isa = PBXFileReference; lastKnownFileType = file.storyboard; name = Base; path = Base.lproj/LaunchScreen.storyboard; sourceTree = "<group>"; };
		84528D3B23053FEF00D097D9 /* Info.plist */ = {isa = PBXFileReference; lastKnownFileType = text.plist.xml; path = Info.plist; sourceTree = "<group>"; };
		84528D3C23053FEF00D097D9 /* main.m */ = {isa = PBXFileReference; lastKnownFileType = sourcecode.c.objc; path = main.m; sourceTree = "<group>"; };
		84528D4223053FEF00D097D9 /* JKDeafultViewDemoTests.xctest */ = {isa = PBXFileReference; explicitFileType = wrapper.cfbundle; includeInIndex = 0; path = JKDeafultViewDemoTests.xctest; sourceTree = BUILT_PRODUCTS_DIR; };
		84528D4623053FEF00D097D9 /* JKDeafultViewDemoTests.m */ = {isa = PBXFileReference; lastKnownFileType = sourcecode.c.objc; path = JKDeafultViewDemoTests.m; sourceTree = "<group>"; };
		84528D4823053FEF00D097D9 /* Info.plist */ = {isa = PBXFileReference; lastKnownFileType = text.plist.xml; path = Info.plist; sourceTree = "<group>"; };
		84528D4D23053FEF00D097D9 /* JKDeafultViewDemoUITests.xctest */ = {isa = PBXFileReference; explicitFileType = wrapper.cfbundle; includeInIndex = 0; path = JKDeafultViewDemoUITests.xctest; sourceTree = BUILT_PRODUCTS_DIR; };
		84528D5123053FEF00D097D9 /* JKDeafultViewDemoUITests.m */ = {isa = PBXFileReference; lastKnownFileType = sourcecode.c.objc; path = JKDeafultViewDemoUITests.m; sourceTree = "<group>"; };
		84528D5323053FEF00D097D9 /* Info.plist */ = {isa = PBXFileReference; lastKnownFileType = text.plist.xml; path = Info.plist; sourceTree = "<group>"; };
		84808B8FAAE7CE7FBFD9EF73 /* Pods-JKDeafultViewDemoTests.release.xcconfig */ = {isa = PBXFileReference; includeInIndex = 1; lastKnownFileType = text.xcconfig; name = "Pods-JKDeafultViewDemoTests.release.xcconfig"; path = "Target Support Files/Pods-JKDeafultViewDemoTests/Pods-JKDeafultViewDemoTests.release.xcconfig"; sourceTree = "<group>"; };
		8CD960346ECE48173DB97A66 /* Pods_JKDeafultViewDemoTests.framework */ = {isa = PBXFileReference; explicitFileType = wrapper.framework; includeInIndex = 0; path = Pods_JKDeafultViewDemoTests.framework; sourceTree = BUILT_PRODUCTS_DIR; };
		B2303BB2B7131A4F10832330 /* Pods-JKDeafultViewDemo.debug.xcconfig */ = {isa = PBXFileReference; includeInIndex = 1; lastKnownFileType = text.xcconfig; name = "Pods-JKDeafultViewDemo.debug.xcconfig"; path = "Target Support Files/Pods-JKDeafultViewDemo/Pods-JKDeafultViewDemo.debug.xcconfig"; sourceTree = "<group>"; };
		BEAB890F5383CBE89F1D71A3 /* Pods_JKDeafultViewDemo.framework */ = {isa = PBXFileReference; explicitFileType = wrapper.framework; includeInIndex = 0; path = Pods_JKDeafultViewDemo.framework; sourceTree = BUILT_PRODUCTS_DIR; };
		E92D7547CEA80A6B981DE49B /* Pods-JKDeafultViewDemo.release.xcconfig */ = {isa = PBXFileReference; includeInIndex = 1; lastKnownFileType = text.xcconfig; name = "Pods-JKDeafultViewDemo.release.xcconfig"; path = "Target Support Files/Pods-JKDeafultViewDemo/Pods-JKDeafultViewDemo.release.xcconfig"; sourceTree = "<group>"; };
/* End PBXFileReference section */

/* Begin PBXFrameworksBuildPhase section */
		84528D2723053FED00D097D9 /* Frameworks */ = {
			isa = PBXFrameworksBuildPhase;
			buildActionMask = 2147483647;
			files = (
				DCB521B41E0AD126B8828F95 /* Pods_JKDeafultViewDemo.framework in Frameworks */,
			);
			runOnlyForDeploymentPostprocessing = 0;
		};
		84528D3F23053FEF00D097D9 /* Frameworks */ = {
			isa = PBXFrameworksBuildPhase;
			buildActionMask = 2147483647;
			files = (
				74E70A2C80985BB59C974AE7 /* Pods_JKDeafultViewDemoTests.framework in Frameworks */,
			);
			runOnlyForDeploymentPostprocessing = 0;
		};
		84528D4A23053FEF00D097D9 /* Frameworks */ = {
			isa = PBXFrameworksBuildPhase;
			buildActionMask = 2147483647;
			files = (
				C7A34E606DF9B65DF3DA0167 /* Pods_JKDeafultViewDemoUITests.framework in Frameworks */,
			);
			runOnlyForDeploymentPostprocessing = 0;
		};
/* End PBXFrameworksBuildPhase section */

/* Begin PBXGroup section */
		396A58D2D9438FC60E127DFE /* Pods */ = {
			isa = PBXGroup;
			children = (
				B2303BB2B7131A4F10832330 /* Pods-JKDeafultViewDemo.debug.xcconfig */,
				E92D7547CEA80A6B981DE49B /* Pods-JKDeafultViewDemo.release.xcconfig */,
				452874821F501669CA42D6D4 /* Pods-JKDeafultViewDemoTests.debug.xcconfig */,
				84808B8FAAE7CE7FBFD9EF73 /* Pods-JKDeafultViewDemoTests.release.xcconfig */,
				4D261595EE1ADD410D48F29C /* Pods-JKDeafultViewDemoUITests.debug.xcconfig */,
				5FB261B8F133333620B50842 /* Pods-JKDeafultViewDemoUITests.release.xcconfig */,
			);
			name = Pods;
			path = Pods;
			sourceTree = "<group>";
		};
		84528D2123053FED00D097D9 = {
			isa = PBXGroup;
			children = (
				84528D2C23053FED00D097D9 /* JKDeafultViewDemo */,
				84528D4523053FEF00D097D9 /* JKDeafultViewDemoTests */,
				84528D5023053FEF00D097D9 /* JKDeafultViewDemoUITests */,
				84528D2B23053FED00D097D9 /* Products */,
				396A58D2D9438FC60E127DFE /* Pods */,
				B1498819B95A7748823AF374 /* Frameworks */,
			);
			sourceTree = "<group>";
		};
		84528D2B23053FED00D097D9 /* Products */ = {
			isa = PBXGroup;
			children = (
				84528D2A23053FED00D097D9 /* JKDeafultViewDemo.app */,
				84528D4223053FEF00D097D9 /* JKDeafultViewDemoTests.xctest */,
				84528D4D23053FEF00D097D9 /* JKDeafultViewDemoUITests.xctest */,
			);
			name = Products;
			sourceTree = "<group>";
		};
		84528D2C23053FED00D097D9 /* JKDeafultViewDemo */ = {
			isa = PBXGroup;
			children = (
				84528D2D23053FED00D097D9 /* AppDelegate.h */,
				84528D2E23053FED00D097D9 /* AppDelegate.m */,
				84528D3023053FED00D097D9 /* ViewController.h */,
				84528D3123053FED00D097D9 /* ViewController.m */,
				84528D3323053FED00D097D9 /* Main.storyboard */,
				84528D3623053FEF00D097D9 /* Assets.xcassets */,
				84528D3823053FEF00D097D9 /* LaunchScreen.storyboard */,
				84528D3B23053FEF00D097D9 /* Info.plist */,
				84528D3C23053FEF00D097D9 /* main.m */,
			);
			path = JKDeafultViewDemo;
			sourceTree = "<group>";
		};
		84528D4523053FEF00D097D9 /* JKDeafultViewDemoTests */ = {
			isa = PBXGroup;
			children = (
				84528D4623053FEF00D097D9 /* JKDeafultViewDemoTests.m */,
				84528D4823053FEF00D097D9 /* Info.plist */,
			);
			path = JKDeafultViewDemoTests;
			sourceTree = "<group>";
		};
		84528D5023053FEF00D097D9 /* JKDeafultViewDemoUITests */ = {
			isa = PBXGroup;
			children = (
				84528D5123053FEF00D097D9 /* JKDeafultViewDemoUITests.m */,
				84528D5323053FEF00D097D9 /* Info.plist */,
			);
			path = JKDeafultViewDemoUITests;
			sourceTree = "<group>";
		};
		B1498819B95A7748823AF374 /* Frameworks */ = {
			isa = PBXGroup;
			children = (
				BEAB890F5383CBE89F1D71A3 /* Pods_JKDeafultViewDemo.framework */,
				8CD960346ECE48173DB97A66 /* Pods_JKDeafultViewDemoTests.framework */,
				0D16AA6F4AD20AA1D4804676 /* Pods_JKDeafultViewDemoUITests.framework */,
			);
			name = Frameworks;
			sourceTree = "<group>";
		};
/* End PBXGroup section */

/* Begin PBXNativeTarget section */
		84528D2923053FED00D097D9 /* JKDeafultViewDemo */ = {
			isa = PBXNativeTarget;
			buildConfigurationList = 84528D5623053FEF00D097D9 /* Build configuration list for PBXNativeTarget "JKDeafultViewDemo" */;
			buildPhases = (
				BB6E74252087C821E1F0A9F1 /* [CP] Check Pods Manifest.lock */,
				84528D2623053FED00D097D9 /* Sources */,
				84528D2723053FED00D097D9 /* Frameworks */,
				84528D2823053FED00D097D9 /* Resources */,
				BA51A00AC9B29C2F645D0AA7 /* [CP] Embed Pods Frameworks */,
			);
			buildRules = (
			);
			dependencies = (
			);
			name = JKDeafultViewDemo;
			productName = JKDeafultViewDemo;
			productReference = 84528D2A23053FED00D097D9 /* JKDeafultViewDemo.app */;
			productType = "com.apple.product-type.application";
		};
		84528D4123053FEF00D097D9 /* JKDeafultViewDemoTests */ = {
			isa = PBXNativeTarget;
			buildConfigurationList = 84528D5923053FEF00D097D9 /* Build configuration list for PBXNativeTarget "JKDeafultViewDemoTests" */;
			buildPhases = (
				875097269D2F5F2B603F0EE1 /* [CP] Check Pods Manifest.lock */,
				84528D3E23053FEF00D097D9 /* Sources */,
				84528D3F23053FEF00D097D9 /* Frameworks */,
				84528D4023053FEF00D097D9 /* Resources */,
			);
			buildRules = (
			);
			dependencies = (
				84528D4423053FEF00D097D9 /* PBXTargetDependency */,
			);
			name = JKDeafultViewDemoTests;
			productName = JKDeafultViewDemoTests;
			productReference = 84528D4223053FEF00D097D9 /* JKDeafultViewDemoTests.xctest */;
			productType = "com.apple.product-type.bundle.unit-test";
		};
		84528D4C23053FEF00D097D9 /* JKDeafultViewDemoUITests */ = {
			isa = PBXNativeTarget;
			buildConfigurationList = 84528D5C23053FEF00D097D9 /* Build configuration list for PBXNativeTarget "JKDeafultViewDemoUITests" */;
			buildPhases = (
				44790BAE3EE28EDD6ADB5EAA /* [CP] Check Pods Manifest.lock */,
				84528D4923053FEF00D097D9 /* Sources */,
				84528D4A23053FEF00D097D9 /* Frameworks */,
				84528D4B23053FEF00D097D9 /* Resources */,
			);
			buildRules = (
			);
			dependencies = (
				84528D4F23053FEF00D097D9 /* PBXTargetDependency */,
			);
			name = JKDeafultViewDemoUITests;
			productName = JKDeafultViewDemoUITests;
			productReference = 84528D4D23053FEF00D097D9 /* JKDeafultViewDemoUITests.xctest */;
			productType = "com.apple.product-type.bundle.ui-testing";
		};
/* End PBXNativeTarget section */

/* Begin PBXProject section */
		84528D2223053FED00D097D9 /* Project object */ = {
			isa = PBXProject;
			attributes = {
				LastUpgradeCheck = 1010;
				ORGANIZATIONNAME = admin;
				TargetAttributes = {
					84528D2923053FED00D097D9 = {
						CreatedOnToolsVersion = 10.1;
					};
					84528D4123053FEF00D097D9 = {
						CreatedOnToolsVersion = 10.1;
						TestTargetID = 84528D2923053FED00D097D9;
					};
					84528D4C23053FEF00D097D9 = {
						CreatedOnToolsVersion = 10.1;
						TestTargetID = 84528D2923053FED00D097D9;
					};
				};
			};
			buildConfigurationList = 84528D2523053FED00D097D9 /* Build configuration list for PBXProject "JKDeafultViewDemo" */;
			compatibilityVersion = "Xcode 9.3";
			developmentRegion = en;
			hasScannedForEncodings = 0;
			knownRegions = (
				en,
				Base,
			);
			mainGroup = 84528D2123053FED00D097D9;
			productRefGroup = 84528D2B23053FED00D097D9 /* Products */;
			projectDirPath = "";
			projectRoot = "";
			targets = (
				84528D2923053FED00D097D9 /* JKDeafultViewDemo */,
				84528D4123053FEF00D097D9 /* JKDeafultViewDemoTests */,
				84528D4C23053FEF00D097D9 /* JKDeafultViewDemoUITests */,
			);
		};
/* End PBXProject section */

/* Begin PBXResourcesBuildPhase section */
		84528D2823053FED00D097D9 /* Resources */ = {
			isa = PBXResourcesBuildPhase;
			buildActionMask = 2147483647;
			files = (
				84528D3A23053FEF00D097D9 /* LaunchScreen.storyboard in Resources */,
				84528D3723053FEF00D097D9 /* Assets.xcassets in Resources */,
				84528D3523053FED00D097D9 /* Main.storyboard in Resources */,
			);
			runOnlyForDeploymentPostprocessing = 0;
		};
		84528D4023053FEF00D097D9 /* Resources */ = {
			isa = PBXResourcesBuildPhase;
			buildActionMask = 2147483647;
			files = (
			);
			runOnlyForDeploymentPostprocessing = 0;
		};
		84528D4B23053FEF00D097D9 /* Resources */ = {
			isa = PBXResourcesBuildPhase;
			buildActionMask = 2147483647;
			files = (
			);
			runOnlyForDeploymentPostprocessing = 0;
		};
/* End PBXResourcesBuildPhase section */

/* Begin PBXShellScriptBuildPhase section */
		44790BAE3EE28EDD6ADB5EAA /* [CP] Check Pods Manifest.lock */ = {
			isa = PBXShellScriptBuildPhase;
			buildActionMask = 2147483647;
			files = (
			);
			inputFileListPaths = (
			);
			inputPaths = (
				"${PODS_PODFILE_DIR_PATH}/Podfile.lock",
				"${PODS_ROOT}/Manifest.lock",
			);
			name = "[CP] Check Pods Manifest.lock";
			outputFileListPaths = (
			);
			outputPaths = (
				"$(DERIVED_FILE_DIR)/Pods-JKDeafultViewDemoUITests-checkManifestLockResult.txt",
			);
			runOnlyForDeploymentPostprocessing = 0;
			shellPath = /bin/sh;
			shellScript = "diff \"${PODS_PODFILE_DIR_PATH}/Podfile.lock\" \"${PODS_ROOT}/Manifest.lock\" > /dev/null\nif [ $? != 0 ] ; then\n    # print error to STDERR\n    echo \"error: The sandbox is not in sync with the Podfile.lock. Run 'pod install' or update your CocoaPods installation.\" >&2\n    exit 1\nfi\n# This output is used by Xcode 'outputs' to avoid re-running this script phase.\necho \"SUCCESS\" > \"${SCRIPT_OUTPUT_FILE_0}\"\n";
			showEnvVarsInLog = 0;
		};
		875097269D2F5F2B603F0EE1 /* [CP] Check Pods Manifest.lock */ = {
			isa = PBXShellScriptBuildPhase;
			buildActionMask = 2147483647;
			files = (
			);
			inputFileListPaths = (
			);
			inputPaths = (
				"${PODS_PODFILE_DIR_PATH}/Podfile.lock",
				"${PODS_ROOT}/Manifest.lock",
			);
			name = "[CP] Check Pods Manifest.lock";
			outputFileListPaths = (
			);
			outputPaths = (
				"$(DERIVED_FILE_DIR)/Pods-JKDeafultViewDemoTests-checkManifestLockResult.txt",
			);
			runOnlyForDeploymentPostprocessing = 0;
			shellPath = /bin/sh;
			shellScript = "diff \"${PODS_PODFILE_DIR_PATH}/Podfile.lock\" \"${PODS_ROOT}/Manifest.lock\" > /dev/null\nif [ $? != 0 ] ; then\n    # print error to STDERR\n    echo \"error: The sandbox is not in sync with the Podfile.lock. Run 'pod install' or update your CocoaPods installation.\" >&2\n    exit 1\nfi\n# This output is used by Xcode 'outputs' to avoid re-running this script phase.\necho \"SUCCESS\" > \"${SCRIPT_OUTPUT_FILE_0}\"\n";
			showEnvVarsInLog = 0;
		};
		BA51A00AC9B29C2F645D0AA7 /* [CP] Embed Pods Frameworks */ = {
			isa = PBXShellScriptBuildPhase;
			buildActionMask = 2147483647;
			files = (
			);
			inputFileListPaths = (
				"${PODS_ROOT}/Target Support Files/Pods-JKDeafultViewDemo/Pods-JKDeafultViewDemo-frameworks-${CONFIGURATION}-input-files.xcfilelist",
			);
			name = "[CP] Embed Pods Frameworks";
			outputFileListPaths = (
				"${PODS_ROOT}/Target Support Files/Pods-JKDeafultViewDemo/Pods-JKDeafultViewDemo-frameworks-${CONFIGURATION}-output-files.xcfilelist",
			);
			runOnlyForDeploymentPostprocessing = 0;
			shellPath = /bin/sh;
			shellScript = "\"${PODS_ROOT}/Target Support Files/Pods-JKDeafultViewDemo/Pods-JKDeafultViewDemo-frameworks.sh\"\n";
			showEnvVarsInLog = 0;
		};
		BB6E74252087C821E1F0A9F1 /* [CP] Check Pods Manifest.lock */ = {
			isa = PBXShellScriptBuildPhase;
			buildActionMask = 2147483647;
			files = (
			);
			inputFileListPaths = (
			);
			inputPaths = (
				"${PODS_PODFILE_DIR_PATH}/Podfile.lock",
				"${PODS_ROOT}/Manifest.lock",
			);
			name = "[CP] Check Pods Manifest.lock";
			outputFileListPaths = (
			);
			outputPaths = (
				"$(DERIVED_FILE_DIR)/Pods-JKDeafultViewDemo-checkManifestLockResult.txt",
			);
			runOnlyForDeploymentPostprocessing = 0;
			shellPath = /bin/sh;
			shellScript = "diff \"${PODS_PODFILE_DIR_PATH}/Podfile.lock\" \"${PODS_ROOT}/Manifest.lock\" > /dev/null\nif [ $? != 0 ] ; then\n    # print error to STDERR\n    echo \"error: The sandbox is not in sync with the Podfile.lock. Run 'pod install' or update your CocoaPods installation.\" >&2\n    exit 1\nfi\n# This output is used by Xcode 'outputs' to avoid re-running this script phase.\necho \"SUCCESS\" > \"${SCRIPT_OUTPUT_FILE_0}\"\n";
			showEnvVarsInLog = 0;
		};
/* End PBXShellScriptBuildPhase section */

/* Begin PBXSourcesBuildPhase section */
		84528D2623053FED00D097D9 /* Sources */ = {
			isa = PBXSourcesBuildPhase;
			buildActionMask = 2147483647;
			files = (
				84528D3223053FED00D097D9 /* ViewController.m in Sources */,
				84528D3D23053FEF00D097D9 /* main.m in Sources */,
				84528D2F23053FED00D097D9 /* AppDelegate.m in Sources */,
			);
			runOnlyForDeploymentPostprocessing = 0;
		};
		84528D3E23053FEF00D097D9 /* Sources */ = {
			isa = PBXSourcesBuildPhase;
			buildActionMask = 2147483647;
			files = (
				84528D4723053FEF00D097D9 /* JKDeafultViewDemoTests.m in Sources */,
			);
			runOnlyForDeploymentPostprocessing = 0;
		};
		84528D4923053FEF00D097D9 /* Sources */ = {
			isa = PBXSourcesBuildPhase;
			buildActionMask = 2147483647;
			files = (
				84528D5223053FEF00D097D9 /* JKDeafultViewDemoUITests.m in Sources */,
			);
			runOnlyForDeploymentPostprocessing = 0;
		};
/* End PBXSourcesBuildPhase section */

/* Begin PBXTargetDependency section */
		84528D4423053FEF00D097D9 /* PBXTargetDependency */ = {
			isa = PBXTargetDependency;
			target = 84528D2923053FED00D097D9 /* JKDeafultViewDemo */;
			targetProxy = 84528D4323053FEF00D097D9 /* PBXContainerItemProxy */;
		};
		84528D4F23053FEF00D097D9 /* PBXTargetDependency */ = {
			isa = PBXTargetDependency;
			target = 84528D2923053FED00D097D9 /* JKDeafultViewDemo */;
			targetProxy = 84528D4E23053FEF00D097D9 /* PBXContainerItemProxy */;
		};
/* End PBXTargetDependency section */

/* Begin PBXVariantGroup section */
		84528D3323053FED00D097D9 /* Main.storyboard */ = {
			isa = PBXVariantGroup;
			children = (
				84528D3423053FED00D097D9 /* Base */,
			);
			name = Main.storyboard;
			sourceTree = "<group>";
		};
		84528D3823053FEF00D097D9 /* LaunchScreen.storyboard */ = {
			isa = PBXVariantGroup;
			children = (
				84528D3923053FEF00D097D9 /* Base */,
			);
			name = LaunchScreen.storyboard;
			sourceTree = "<group>";
		};
/* End PBXVariantGroup section */

/* Begin XCBuildConfiguration section */
		84528D5423053FEF00D097D9 /* Debug */ = {
			isa = XCBuildConfiguration;
			buildSettings = {
				ALWAYS_SEARCH_USER_PATHS = NO;
				CLANG_ANALYZER_NONNULL = YES;
				CLANG_ANALYZER_NUMBER_OBJECT_CONVERSION = YES_AGGRESSIVE;
				CLANG_CXX_LANGUAGE_STANDARD = "gnu++14";
				CLANG_CXX_LIBRARY = "libc++";
				CLANG_ENABLE_MODULES = YES;
				CLANG_ENABLE_OBJC_ARC = YES;
				CLANG_ENABLE_OBJC_WEAK = YES;
				CLANG_WARN_BLOCK_CAPTURE_AUTORELEASING = YES;
				CLANG_WARN_BOOL_CONVERSION = YES;
				CLANG_WARN_COMMA = YES;
				CLANG_WARN_CONSTANT_CONVERSION = YES;
				CLANG_WARN_DEPRECATED_OBJC_IMPLEMENTATIONS = YES;
				CLANG_WARN_DIRECT_OBJC_ISA_USAGE = YES_ERROR;
				CLANG_WARN_DOCUMENTATION_COMMENTS = YES;
				CLANG_WARN_EMPTY_BODY = YES;
				CLANG_WARN_ENUM_CONVERSION = YES;
				CLANG_WARN_INFINITE_RECURSION = YES;
				CLANG_WARN_INT_CONVERSION = YES;
				CLANG_WARN_NON_LITERAL_NULL_CONVERSION = YES;
				CLANG_WARN_OBJC_IMPLICIT_RETAIN_SELF = YES;
				CLANG_WARN_OBJC_LITERAL_CONVERSION = YES;
				CLANG_WARN_OBJC_ROOT_CLASS = YES_ERROR;
				CLANG_WARN_RANGE_LOOP_ANALYSIS = YES;
				CLANG_WARN_STRICT_PROTOTYPES = YES;
				CLANG_WARN_SUSPICIOUS_MOVE = YES;
				CLANG_WARN_UNGUARDED_AVAILABILITY = YES_AGGRESSIVE;
				CLANG_WARN_UNREACHABLE_CODE = YES;
				CLANG_WARN__DUPLICATE_METHOD_MATCH = YES;
				CODE_SIGN_IDENTITY = "iPhone Developer";
				COPY_PHASE_STRIP = NO;
				DEBUG_INFORMATION_FORMAT = dwarf;
				ENABLE_STRICT_OBJC_MSGSEND = YES;
				ENABLE_TESTABILITY = YES;
				GCC_C_LANGUAGE_STANDARD = gnu11;
				GCC_DYNAMIC_NO_PIC = NO;
				GCC_NO_COMMON_BLOCKS = YES;
				GCC_OPTIMIZATION_LEVEL = 0;
				GCC_PREPROCESSOR_DEFINITIONS = (
					"DEBUG=1",
					"$(inherited)",
				);
				GCC_WARN_64_TO_32_BIT_CONVERSION = YES;
				GCC_WARN_ABOUT_RETURN_TYPE = YES_ERROR;
				GCC_WARN_UNDECLARED_SELECTOR = YES;
				GCC_WARN_UNINITIALIZED_AUTOS = YES_AGGRESSIVE;
				GCC_WARN_UNUSED_FUNCTION = YES;
				GCC_WARN_UNUSED_VARIABLE = YES;
				IPHONEOS_DEPLOYMENT_TARGET = 12.1;
				MTL_ENABLE_DEBUG_INFO = INCLUDE_SOURCE;
				MTL_FAST_MATH = YES;
				ONLY_ACTIVE_ARCH = YES;
				SDKROOT = iphoneos;
			};
			name = Debug;
		};
		84528D5523053FEF00D097D9 /* Release */ = {
			isa = XCBuildConfiguration;
			buildSettings = {
				ALWAYS_SEARCH_USER_PATHS = NO;
				CLANG_ANALYZER_NONNULL = YES;
				CLANG_ANALYZER_NUMBER_OBJECT_CONVERSION = YES_AGGRESSIVE;
				CLANG_CXX_LANGUAGE_STANDARD = "gnu++14";
				CLANG_CXX_LIBRARY = "libc++";
				CLANG_ENABLE_MODULES = YES;
				CLANG_ENABLE_OBJC_ARC = YES;
				CLANG_ENABLE_OBJC_WEAK = YES;
				CLANG_WARN_BLOCK_CAPTURE_AUTORELEASING = YES;
				CLANG_WARN_BOOL_CONVERSION = YES;
				CLANG_WARN_COMMA = YES;
				CLANG_WARN_CONSTANT_CONVERSION = YES;
				CLANG_WARN_DEPRECATED_OBJC_IMPLEMENTATIONS = YES;
				CLANG_WARN_DIRECT_OBJC_ISA_USAGE = YES_ERROR;
				CLANG_WARN_DOCUMENTATION_COMMENTS = YES;
				CLANG_WARN_EMPTY_BODY = YES;
				CLANG_WARN_ENUM_CONVERSION = YES;
				CLANG_WARN_INFINITE_RECURSION = YES;
				CLANG_WARN_INT_CONVERSION = YES;
				CLANG_WARN_NON_LITERAL_NULL_CONVERSION = YES;
				CLANG_WARN_OBJC_IMPLICIT_RETAIN_SELF = YES;
				CLANG_WARN_OBJC_LITERAL_CONVERSION = YES;
				CLANG_WARN_OBJC_ROOT_CLASS = YES_ERROR;
				CLANG_WARN_RANGE_LOOP_ANALYSIS = YES;
				CLANG_WARN_STRICT_PROTOTYPES = YES;
				CLANG_WARN_SUSPICIOUS_MOVE = YES;
				CLANG_WARN_UNGUARDED_AVAILABILITY = YES_AGGRESSIVE;
				CLANG_WARN_UNREACHABLE_CODE = YES;
				CLANG_WARN__DUPLICATE_METHOD_MATCH = YES;
				CODE_SIGN_IDENTITY = "iPhone Developer";
				COPY_PHASE_STRIP = NO;
				DEBUG_INFORMATION_FORMAT = "dwarf-with-dsym";
				ENABLE_NS_ASSERTIONS = NO;
				ENABLE_STRICT_OBJC_MSGSEND = YES;
				GCC_C_LANGUAGE_STANDARD = gnu11;
				GCC_NO_COMMON_BLOCKS = YES;
				GCC_WARN_64_TO_32_BIT_CONVERSION = YES;
				GCC_WARN_ABOUT_RETURN_TYPE = YES_ERROR;
				GCC_WARN_UNDECLARED_SELECTOR = YES;
				GCC_WARN_UNINITIALIZED_AUTOS = YES_AGGRESSIVE;
				GCC_WARN_UNUSED_FUNCTION = YES;
				GCC_WARN_UNUSED_VARIABLE = YES;
				IPHONEOS_DEPLOYMENT_TARGET = 12.1;
				MTL_ENABLE_DEBUG_INFO = NO;
				MTL_FAST_MATH = YES;
				SDKROOT = iphoneos;
				VALIDATE_PRODUCT = YES;
			};
			name = Release;
		};
		84528D5723053FEF00D097D9 /* Debug */ = {
			isa = XCBuildConfiguration;
			baseConfigurationReference = B2303BB2B7131A4F10832330 /* Pods-JKDeafultViewDemo.debug.xcconfig */;
			buildSettings = {
				ASSETCATALOG_COMPILER_APPICON_NAME = AppIcon;
				CODE_SIGN_STYLE = Automatic;
				INFOPLIST_FILE = JKDeafultViewDemo/Info.plist;
				LD_RUNPATH_SEARCH_PATHS = (
					"$(inherited)",
					"@executable_path/Frameworks",
				);
				PRODUCT_BUNDLE_IDENTIFIER = com.xyy.gdd.JKDeafultViewDemo;
				PRODUCT_NAME = "$(TARGET_NAME)";
				TARGETED_DEVICE_FAMILY = "1,2";
			};
			name = Debug;
		};
		84528D5823053FEF00D097D9 /* Release */ = {
			isa = XCBuildConfiguration;
			baseConfigurationReference = E92D7547CEA80A6B981DE49B /* Pods-JKDeafultViewDemo.release.xcconfig */;
			buildSettings = {
				ASSETCATALOG_COMPILER_APPICON_NAME = AppIcon;
				CODE_SIGN_STYLE = Automatic;
				INFOPLIST_FILE = JKDeafultViewDemo/Info.plist;
				LD_RUNPATH_SEARCH_PATHS = (
					"$(inherited)",
					"@executable_path/Frameworks",
				);
				PRODUCT_BUNDLE_IDENTIFIER = com.xyy.gdd.JKDeafultViewDemo;
				PRODUCT_NAME = "$(TARGET_NAME)";
				TARGETED_DEVICE_FAMILY = "1,2";
			};
			name = Release;
		};
		84528D5A23053FEF00D097D9 /* Debug */ = {
			isa = XCBuildConfiguration;
			baseConfigurationReference = 452874821F501669CA42D6D4 /* Pods-JKDeafultViewDemoTests.debug.xcconfig */;
			buildSettings = {
				BUNDLE_LOADER = "$(TEST_HOST)";
				CODE_SIGN_STYLE = Automatic;
				INFOPLIST_FILE = JKDeafultViewDemoTests/Info.plist;
				LD_RUNPATH_SEARCH_PATHS = (
					"$(inherited)",
					"@executable_path/Frameworks",
					"@loader_path/Frameworks",
				);
				PRODUCT_BUNDLE_IDENTIFIER = com.xyy.gdd.JKDeafultViewDemoTests;
				PRODUCT_NAME = "$(TARGET_NAME)";
				TARGETED_DEVICE_FAMILY = "1,2";
				TEST_HOST = "$(BUILT_PRODUCTS_DIR)/JKDeafultViewDemo.app/JKDeafultViewDemo";
			};
			name = Debug;
		};
		84528D5B23053FEF00D097D9 /* Release */ = {
			isa = XCBuildConfiguration;
			baseConfigurationReference = 84808B8FAAE7CE7FBFD9EF73 /* Pods-JKDeafultViewDemoTests.release.xcconfig */;
			buildSettings = {
				BUNDLE_LOADER = "$(TEST_HOST)";
				CODE_SIGN_STYLE = Automatic;
				INFOPLIST_FILE = JKDeafultViewDemoTests/Info.plist;
				LD_RUNPATH_SEARCH_PATHS = (
					"$(inherited)",
					"@executable_path/Frameworks",
					"@loader_path/Frameworks",
				);
				PRODUCT_BUNDLE_IDENTIFIER = com.xyy.gdd.JKDeafultViewDemoTests;
				PRODUCT_NAME = "$(TARGET_NAME)";
				TARGETED_DEVICE_FAMILY = "1,2";
				TEST_HOST = "$(BUILT_PRODUCTS_DIR)/JKDeafultViewDemo.app/JKDeafultViewDemo";
			};
			name = Release;
		};
		84528D5D23053FEF00D097D9 /* Debug */ = {
			isa = XCBuildConfiguration;
			baseConfigurationReference = 4D261595EE1ADD410D48F29C /* Pods-JKDeafultViewDemoUITests.debug.xcconfig */;
			buildSettings = {
				CODE_SIGN_STYLE = Automatic;
				INFOPLIST_FILE = JKDeafultViewDemoUITests/Info.plist;
				LD_RUNPATH_SEARCH_PATHS = (
					"$(inherited)",
					"@executable_path/Frameworks",
					"@loader_path/Frameworks",
				);
				PRODUCT_BUNDLE_IDENTIFIER = com.xyy.gdd.JKDeafultViewDemoUITests;
				PRODUCT_NAME = "$(TARGET_NAME)";
				TARGETED_DEVICE_FAMILY = "1,2";
				TEST_TARGET_NAME = JKDeafultViewDemo;
			};
			name = Debug;
		};
		84528D5E23053FEF00D097D9 /* Release */ = {
			isa = XCBuildConfiguration;
			baseConfigurationReference = 5FB261B8F133333620B50842 /* Pods-JKDeafultViewDemoUITests.release.xcconfig */;
			buildSettings = {
				CODE_SIGN_STYLE = Automatic;
				INFOPLIST_FILE = JKDeafultViewDemoUITests/Info.plist;
				LD_RUNPATH_SEARCH_PATHS = (
					"$(inherited)",
					"@executable_path/Frameworks",
					"@loader_path/Frameworks",
				);
				PRODUCT_BUNDLE_IDENTIFIER = com.xyy.gdd.JKDeafultViewDemoUITests;
				PRODUCT_NAME = "$(TARGET_NAME)";
				TARGETED_DEVICE_FAMILY = "1,2";
				TEST_TARGET_NAME = JKDeafultViewDemo;
			};
			name = Release;
		};
/* End XCBuildConfiguration section */

/* Begin XCConfigurationList section */
		84528D2523053FED00D097D9 /* Build configuration list for PBXProject "JKDeafultViewDemo" */ = {
			isa = XCConfigurationList;
			buildConfigurations = (
				84528D5423053FEF00D097D9 /* Debug */,
				84528D5523053FEF00D097D9 /* Release */,
			);
			defaultConfigurationIsVisible = 0;
			defaultConfigurationName = Release;
		};
		84528D5623053FEF00D097D9 /* Build configuration list for PBXNativeTarget "JKDeafultViewDemo" */ = {
			isa = XCConfigurationList;
			buildConfigurations = (
				84528D5723053FEF00D097D9 /* Debug */,
				84528D5823053FEF00D097D9 /* Release */,
			);
			defaultConfigurationIsVisible = 0;
			defaultConfigurationName = Release;
		};
		84528D5923053FEF00D097D9 /* Build configuration list for PBXNativeTarget "JKDeafultViewDemoTests" */ = {
			isa = XCConfigurationList;
			buildConfigurations = (
				84528D5A23053FEF00D097D9 /* Debug */,
				84528D5B23053FEF00D097D9 /* Release */,
			);
			defaultConfigurationIsVisible = 0;
			defaultConfigurationName = Release;
		};
		84528D5C23053FEF00D097D9 /* Build configuration list for PBXNativeTarget "JKDeafultViewDemoUITests" */ = {
			isa = XCConfigurationList;
			buildConfigurations = (
				84528D5D23053FEF00D097D9 /* Debug */,
				84528D5E23053FEF00D097D9 /* Release */,
			);
			defaultConfigurationIsVisible = 0;
			defaultConfigurationName = Release;
		};
/* End XCConfigurationList section */
	};
	rootObject = 84528D2223053FED00D097D9 /* Project object */;
}
